
Microsoft Visual Studio Solution File, Format Version 12.00
# Visual Studio Version 17
VisualStudioVersion = 17.7.34031.279
MinimumVisualStudioVersion = 10.0.40219.1
Project("{FAE04EC0-301F-11D3-BF4B-00C04F79EFBC}") = "proiect_ASP_NET", "proiect_ASP_NET\proiect_ASP_NET.csproj", "{2A66A536-D08F-4109-9279-3451EA6C957C}"
EndProject
Global
	GlobalSection(SolutionConfigurationPlatforms) = preSolution
		Debug|Any CPU = Debug|Any CPU
		Release|Any CPU = Release|Any CPU
	EndGlobalSection
	GlobalSection(ProjectConfigurationPlatforms) = postSolution
		{2A66A536-D08F-4109-9279-3451EA6C957C}.Debug|Any CPU.ActiveCfg = Debug|Any CPU
		{2A66A536-D08F-4109-9279-3451EA6C957C}.Debug|Any CPU.Build.0 = Debug|Any CPU
		{2A66A536-D08F-4109-9279-3451EA6C957C}.Release|Any CPU.ActiveCfg = Release|Any CPU
		{2A66A536-D08F-4109-9279-3451EA6C957C}.Release|Any CPU.Build.0 = Release|Any CPU
	EndGlobalSection
	GlobalSection(SolutionProperties) = preSolution
		HideSolutionNode = FALSE
	EndGlobalSection
	GlobalSection(ExtensibilityGlobals) = postSolution
		SolutionGuid = {15CA3084-3F3A-47F9-A7FD-7178CC260AD4}
	EndGlobalSection
EndGlobal
